
Microsoft Visual Studio Solution File, Format Version 12.00
# Visual Studio Version 16
VisualStudioVersion = 16.0.30804.86
MinimumVisualStudioVersion = 10.0.40219.1
Project("{FAE04EC0-301F-11D3-BF4B-00C04F79EFBC}") = "DemoApi", "DemoApi\DemoApi.csproj", "{C1E6BE96-52B8-4FAD-B4BE-C0E0392D0B9B}"
EndProject
Global
	GlobalSection(SolutionConfigurationPlatforms) = preSolution
		Debug|Any CPU = Debug|Any CPU
		Release|Any CPU = Release|Any CPU
	EndGlobalSection
	GlobalSection(ProjectConfigurationPlatforms) = postSolution
		{C1E6BE96-52B8-4FAD-B4BE-C0E0392D0B9B}.Debug|Any CPU.ActiveCfg = Debug|Any CPU
		{C1E6BE96-52B8-4FAD-B4BE-C0E0392D0B9B}.Debug|Any CPU.Build.0 = Debug|Any CPU
		{C1E6BE96-52B8-4FAD-B4BE-C0E0392D0B9B}.Release|Any CPU.ActiveCfg = Release|Any CPU
		{C1E6BE96-52B8-4FAD-B4BE-C0E0392D0B9B}.Release|Any CPU.Build.0 = Release|Any CPU
	EndGlobalSection
	GlobalSection(SolutionProperties) = preSolution
		HideSolutionNode = FALSE
	EndGlobalSection
	GlobalSection(ExtensibilityGlobals) = postSolution
		SolutionGuid = {1ED969EC-C877-40D5-AE56-1363A80FCEF8}
	EndGlobalSection
EndGlobal
